
Microsoft Visual Studio Solution File, Format Version 12.00
# Visual Studio Version 17
VisualStudioVersion = 17.10.35013.160
MinimumVisualStudioVersion = 10.0.40219.1
Project("{FAE04EC0-301F-11D3-BF4B-00C04F79EFBC}") = "SampleWebApplication", "SampleWebApplication\SampleWebApplication.csproj", "{C69E6F9D-3D1E-4298-975C-265BB1C71710}"
EndProject
Global
	GlobalSection(SolutionConfigurationPlatforms) = preSolution
		Debug|Any CPU = Debug|Any CPU
		Release|Any CPU = Release|Any CPU
	EndGlobalSection
	GlobalSection(ProjectConfigurationPlatforms) = postSolution
		{C69E6F9D-3D1E-4298-975C-265BB1C71710}.Debug|Any CPU.ActiveCfg = Debug|Any CPU
		{C69E6F9D-3D1E-4298-975C-265BB1C71710}.Debug|Any CPU.Build.0 = Debug|Any CPU
		{C69E6F9D-3D1E-4298-975C-265BB1C71710}.Release|Any CPU.ActiveCfg = Release|Any CPU
		{C69E6F9D-3D1E-4298-975C-265BB1C71710}.Release|Any CPU.Build.0 = Release|Any CPU
	EndGlobalSection
	GlobalSection(SolutionProperties) = preSolution
		HideSolutionNode = FALSE
	EndGlobalSection
	GlobalSection(ExtensibilityGlobals) = postSolution
		SolutionGuid = {30B74614-9539-40E8-A8C3-A39DC3FDED67}
	EndGlobalSection
EndGlobal
